
Microsoft Visual Studio Solution File, Format Version 12.00
# Visual Studio Version 17
VisualStudioVersion = 17.8.34330.188
MinimumVisualStudioVersion = 10.0.40219.1
Project("{888888A0-9F3D-457C-B088-3A5042F75D52}") = "DeckofCards", "DeckofCards.pyproj", "{1CE2ED52-A83E-4EE7-B1AE-964CC3635914}"
EndProject
Global
	GlobalSection(SolutionConfigurationPlatforms) = preSolution
		Debug|Any CPU = Debug|Any CPU
		Release|Any CPU = Release|Any CPU
	EndGlobalSection
	GlobalSection(ProjectConfigurationPlatforms) = postSolution
		{1CE2ED52-A83E-4EE7-B1AE-964CC3635914}.Debug|Any CPU.ActiveCfg = Debug|Any CPU
		{1CE2ED52-A83E-4EE7-B1AE-964CC3635914}.Release|Any CPU.ActiveCfg = Release|Any CPU
	EndGlobalSection
	GlobalSection(SolutionProperties) = preSolution
		HideSolutionNode = FALSE
	EndGlobalSection
	GlobalSection(ExtensibilityGlobals) = postSolution
		SolutionGuid = {F18956D2-9060-482D-8644-F668427832D9}
	EndGlobalSection
EndGlobal
